
Microsoft Visual Studio Solution File, Format Version 12.00
# Visual Studio 2012
Project("{FAE04EC0-301F-11D3-BF4B-00C04F79EFBC}") = "Solirus.NUnitReport.Presentation", "Solirus.NUnitReport.Presentation\Solirus.NUnitReport.Presentation.csproj", "{49100EC3-0ADF-4E7C-BD5F-93F197BD4410}"
EndProject
Project("{FAE04EC0-301F-11D3-BF4B-00C04F79EFBC}") = "Solirus.NUnitReport.Database", "Solirus.NUnitReport.Database\Solirus.NUnitReport.Database.csproj", "{187CBFA6-4414-4FE6-82CE-57ED8124600E}"
EndProject
Project("{FAE04EC0-301F-11D3-BF4B-00C04F79EFBC}") = "Solirus.NUnitReport.MSTests", "Solirus.NUnitReport.MSTests\Solirus.NUnitReport.MSTests.csproj", "{5F6E76E0-5FBC-4331-9D29-53D7EC6091EC}"
EndProject
Project("{FAE04EC0-301F-11D3-BF4B-00C04F79EFBC}") = "Solirus.NUnitReport.NUnitTests", "Solirus.NUnitReport.NUnitTests\Solirus.NUnitReport.NUnitTests.csproj", "{673B79F6-EF56-4EC6-9CCC-791A40C1A89C}"
EndProject
Project("{2150E333-8FDC-42A3-9474-1A3956D46DE8}") = "Solution Items", "Solution Items", "{B288EE04-F51E-4190-BF7C-CB097BCD41F9}"
	ProjectSection(SolutionItems) = preProject
		AddMigration.ps1 = AddMigration.ps1
		UpdateContext.ps1 = UpdateContext.ps1
	EndProjectSection
EndProject
Project("{FAE04EC0-301F-11D3-BF4B-00C04F79EFBC}") = "Solirus", "Solirus\Solirus.csproj", "{730019A1-0456-44A5-B938-6678AEA710C5}"
EndProject
Global
	GlobalSection(SolutionConfigurationPlatforms) = preSolution
		Debug|Any CPU = Debug|Any CPU
		Release|Any CPU = Release|Any CPU
	EndGlobalSection
	GlobalSection(ProjectConfigurationPlatforms) = postSolution
		{49100EC3-0ADF-4E7C-BD5F-93F197BD4410}.Debug|Any CPU.ActiveCfg = Debug|Any CPU
		{49100EC3-0ADF-4E7C-BD5F-93F197BD4410}.Debug|Any CPU.Build.0 = Debug|Any CPU
		{49100EC3-0ADF-4E7C-BD5F-93F197BD4410}.Release|Any CPU.ActiveCfg = Release|Any CPU
		{49100EC3-0ADF-4E7C-BD5F-93F197BD4410}.Release|Any CPU.Build.0 = Release|Any CPU
		{187CBFA6-4414-4FE6-82CE-57ED8124600E}.Debug|Any CPU.ActiveCfg = Debug|Any CPU
		{187CBFA6-4414-4FE6-82CE-57ED8124600E}.Debug|Any CPU.Build.0 = Debug|Any CPU
		{187CBFA6-4414-4FE6-82CE-57ED8124600E}.Release|Any CPU.ActiveCfg = Release|Any CPU
		{187CBFA6-4414-4FE6-82CE-57ED8124600E}.Release|Any CPU.Build.0 = Release|Any CPU
		{5F6E76E0-5FBC-4331-9D29-53D7EC6091EC}.Debug|Any CPU.ActiveCfg = Debug|Any CPU
		{5F6E76E0-5FBC-4331-9D29-53D7EC6091EC}.Debug|Any CPU.Build.0 = Debug|Any CPU
		{5F6E76E0-5FBC-4331-9D29-53D7EC6091EC}.Release|Any CPU.ActiveCfg = Release|Any CPU
		{5F6E76E0-5FBC-4331-9D29-53D7EC6091EC}.Release|Any CPU.Build.0 = Release|Any CPU
		{673B79F6-EF56-4EC6-9CCC-791A40C1A89C}.Debug|Any CPU.ActiveCfg = Debug|Any CPU
		{673B79F6-EF56-4EC6-9CCC-791A40C1A89C}.Debug|Any CPU.Build.0 = Debug|Any CPU
		{673B79F6-EF56-4EC6-9CCC-791A40C1A89C}.Release|Any CPU.ActiveCfg = Release|Any CPU
		{673B79F6-EF56-4EC6-9CCC-791A40C1A89C}.Release|Any CPU.Build.0 = Release|Any CPU
		{730019A1-0456-44A5-B938-6678AEA710C5}.Debug|Any CPU.ActiveCfg = Debug|Any CPU
		{730019A1-0456-44A5-B938-6678AEA710C5}.Debug|Any CPU.Build.0 = Debug|Any CPU
		{730019A1-0456-44A5-B938-6678AEA710C5}.Release|Any CPU.ActiveCfg = Release|Any CPU
		{730019A1-0456-44A5-B938-6678AEA710C5}.Release|Any CPU.Build.0 = Release|Any CPU
	EndGlobalSection
	GlobalSection(SolutionProperties) = preSolution
		HideSolutionNode = FALSE
	EndGlobalSection
EndGlobal
